{
  "name": "bear_forest_game",
  "lockfileVersion": 2,
  "requires": true,
  "packages": {
    "": {
      "dependencies": {
        "babylonjs": "^5.46.0",
        "babylonjs-loaders": "^5.46.0",
        "cannon": "^0.6.2"
      }
    },
    "node_modules/babylonjs": {
      "version": "5.46.0",
      "resolved": "https://registry.npmjs.org/babylonjs/-/babylonjs-5.46.0.tgz",
      "integrity": "sha512-51uA/NtpreF4sv6fU3Xs0Ysh2kN7I8AxOmxtGtXCClVdvGqlmwrqWvK1EvaN0gVfixgaTRPl6NNZBpHpAMpW8A==",
      "hasInstallScript": true
    },
    "node_modules/babylonjs-gltf2interface": {
      "version": "5.46.0",
      "resolved": "https://registry.npmjs.org/babylonjs-gltf2interface/-/babylonjs-gltf2interface-5.46.0.tgz",
      "integrity": "sha512-6oJc8ionie906epKgZ3MGlbRkhzxDKvKqXg/YhSY63Vlyr+gSdaDh6RxzB1APqzR9r8RIWYUPP4jVjABMPPHMQ=="
    },
    "node_modules/babylonjs-loaders": {
      "version": "5.46.0",
      "resolved": "https://registry.npmjs.org/babylonjs-loaders/-/babylonjs-loaders-5.46.0.tgz",
      "integrity": "sha512-bFkR74dLa+lqobr+QqOOLddlmPkgDThurMuhlZBplvPkff25gsy1v0/8VW6bhM8RvJAwZ5v5eK3+cWegK/0B+w==",
      "dependencies": {
        "babylonjs": "^5.46.0",
        "babylonjs-gltf2interface": "^5.46.0"
      }
    },
    "node_modules/cannon": {
      "version": "0.6.2",
      "resolved": "https://registry.npmjs.org/cannon/-/cannon-0.6.2.tgz",
      "integrity": "sha512-n/7wWSXr8KOSvjad2x0fJHgpMepKjOKi+NdSnjfYyijoDBZnp4JQKgPcpv28jlXoWM+N9zVYU09J0A6Qxx+Y7w==",
      "engines": {
        "node": "*"
      }
    }
  },
  "dependencies": {
    "babylonjs": {
      "version": "5.46.0",
      "resolved": "https://registry.npmjs.org/babylonjs/-/babylonjs-5.46.0.tgz",
      "integrity": "sha512-51uA/NtpreF4sv6fU3Xs0Ysh2kN7I8AxOmxtGtXCClVdvGqlmwrqWvK1EvaN0gVfixgaTRPl6NNZBpHpAMpW8A=="
    },
    "babylonjs-gltf2interface": {
      "version": "5.46.0",
      "resolved": "https://registry.npmjs.org/babylonjs-gltf2interface/-/babylonjs-gltf2interface-5.46.0.tgz",
      "integrity": "sha512-6oJc8ionie906epKgZ3MGlbRkhzxDKvKqXg/YhSY63Vlyr+gSdaDh6RxzB1APqzR9r8RIWYUPP4jVjABMPPHMQ=="
    },
    "babylonjs-loaders": {
      "version": "5.46.0",
      "resolved": "https://registry.npmjs.org/babylonjs-loaders/-/babylonjs-loaders-5.46.0.tgz",
      "integrity": "sha512-bFkR74dLa+lqobr+QqOOLddlmPkgDThurMuhlZBplvPkff25gsy1v0/8VW6bhM8RvJAwZ5v5eK3+cWegK/0B+w==",
      "requires": {
        "babylonjs": "^5.46.0",
        "babylonjs-gltf2interface": "^5.46.0"
      }
    },
    "cannon": {
      "version": "0.6.2",
      "resolved": "https://registry.npmjs.org/cannon/-/cannon-0.6.2.tgz",
      "integrity": "sha512-n/7wWSXr8KOSvjad2x0fJHgpMepKjOKi+NdSnjfYyijoDBZnp4JQKgPcpv28jlXoWM+N9zVYU09J0A6Qxx+Y7w=="
    }
  }
}
